
Microsoft Visual Studio Solution File, Format Version 12.00
# Visual Studio Version 17
VisualStudioVersion = 17.7.33711.374
MinimumVisualStudioVersion = 10.0.40219.1
Project("{9A19103F-16F7-4668-BE54-9A1E7A4F7556}") = "XafPrintJs.Module", "XafPrintJs.Module\XafPrintJs.Module.csproj", "{DA614D5A-2578-408A-87B9-4C3B1B3522FC}"
EndProject
Project("{9A19103F-16F7-4668-BE54-9A1E7A4F7556}") = "XafPrintJs.Blazor.Server", "XafPrintJs.Blazor.Server\XafPrintJs.Blazor.Server.csproj", "{9378E3D3-ECBF-47AD-A6B8-72B2D980EB51}"
EndProject
Global
	GlobalSection(SolutionConfigurationPlatforms) = preSolution
		Debug|Any CPU = Debug|Any CPU
		EasyTest|Any CPU = EasyTest|Any CPU
		Release|Any CPU = Release|Any CPU
	EndGlobalSection
	GlobalSection(ProjectConfigurationPlatforms) = postSolution
		{DA614D5A-2578-408A-87B9-4C3B1B3522FC}.Debug|Any CPU.ActiveCfg = Debug|Any CPU
		{DA614D5A-2578-408A-87B9-4C3B1B3522FC}.Debug|Any CPU.Build.0 = Debug|Any CPU
		{DA614D5A-2578-408A-87B9-4C3B1B3522FC}.EasyTest|Any CPU.ActiveCfg = EasyTest|Any CPU
		{DA614D5A-2578-408A-87B9-4C3B1B3522FC}.EasyTest|Any CPU.Build.0 = EasyTest|Any CPU
		{DA614D5A-2578-408A-87B9-4C3B1B3522FC}.Release|Any CPU.ActiveCfg = Release|Any CPU
		{DA614D5A-2578-408A-87B9-4C3B1B3522FC}.Release|Any CPU.Build.0 = Release|Any CPU
		{9378E3D3-ECBF-47AD-A6B8-72B2D980EB51}.Debug|Any CPU.ActiveCfg = Debug|Any CPU
		{9378E3D3-ECBF-47AD-A6B8-72B2D980EB51}.Debug|Any CPU.Build.0 = Debug|Any CPU
		{9378E3D3-ECBF-47AD-A6B8-72B2D980EB51}.EasyTest|Any CPU.ActiveCfg = EasyTest|Any CPU
		{9378E3D3-ECBF-47AD-A6B8-72B2D980EB51}.EasyTest|Any CPU.Build.0 = EasyTest|Any CPU
		{9378E3D3-ECBF-47AD-A6B8-72B2D980EB51}.Release|Any CPU.ActiveCfg = Release|Any CPU
		{9378E3D3-ECBF-47AD-A6B8-72B2D980EB51}.Release|Any CPU.Build.0 = Release|Any CPU
	EndGlobalSection
	GlobalSection(SolutionProperties) = preSolution
		HideSolutionNode = FALSE
	EndGlobalSection
	GlobalSection(ExtensibilityGlobals) = postSolution
		SolutionGuid = {D1EEF41B-33E3-4DB8-9D0F-38C5572FC3CA}
	EndGlobalSection
EndGlobal
